
Microsoft Visual Studio Solution File, Format Version 12.00
# Visual Studio 14
VisualStudioVersion = 14.0.25420.1
MinimumVisualStudioVersion = 10.0.40219.1
Project("{FAE04EC0-301F-11D3-BF4B-00C04F79EFBC}") = "screensize", "screensize\screensize\screensize.csproj", "{C9BE0B2C-E626-429A-830E-7518CCE85549}"
EndProject
Project("{FAE04EC0-301F-11D3-BF4B-00C04F79EFBC}") = "screensize.Droid", "screensize\screensize.Droid\screensize.Droid.csproj", "{7A27309F-5528-497E-82DE-B7D002F24845}"
EndProject
Project("{FAE04EC0-301F-11D3-BF4B-00C04F79EFBC}") = "screensize.iOS", "screensize\screensize.iOS\screensize.iOS.csproj", "{A3A1BF50-6B9D-4DE8-B0FA-2B721BBC41B0}"
EndProject
Project("{FAE04EC0-301F-11D3-BF4B-00C04F79EFBC}") = "screensize.WinPhone", "screensize\screensize.WinPhone\screensize.WinPhone.csproj", "{019AFE0A-F5B5-42F6-9378-5798D6D218B9}"
EndProject
Project("{FAE04EC0-301F-11D3-BF4B-00C04F79EFBC}") = "screensize.UWP", "screensize\screensize.UWP\screensize.UWP.csproj", "{EA66AE1B-B994-4E13-B704-7DDFB3821AE7}"
EndProject
Project("{FAE04EC0-301F-11D3-BF4B-00C04F79EFBC}") = "screensize.Windows", "screensize\screensize.Windows\screensize.Windows.csproj", "{C5222A8E-0E5E-4FC6-8F99-B33DB65F0441}"
EndProject
Global
	GlobalSection(SolutionConfigurationPlatforms) = preSolution
		Ad-Hoc|Any CPU = Ad-Hoc|Any CPU
		Ad-Hoc|ARM = Ad-Hoc|ARM
		Ad-Hoc|iPhone = Ad-Hoc|iPhone
		Ad-Hoc|iPhoneSimulator = Ad-Hoc|iPhoneSimulator
		Ad-Hoc|x64 = Ad-Hoc|x64
		Ad-Hoc|x86 = Ad-Hoc|x86
		AppStore|Any CPU = AppStore|Any CPU
		AppStore|ARM = AppStore|ARM
		AppStore|iPhone = AppStore|iPhone
		AppStore|iPhoneSimulator = AppStore|iPhoneSimulator
		AppStore|x64 = AppStore|x64
		AppStore|x86 = AppStore|x86
		Debug|Any CPU = Debug|Any CPU
		Debug|ARM = Debug|ARM
		Debug|iPhone = Debug|iPhone
		Debug|iPhoneSimulator = Debug|iPhoneSimulator
		Debug|x64 = Debug|x64
		Debug|x86 = Debug|x86
		Release|Any CPU = Release|Any CPU
		Release|ARM = Release|ARM
		Release|iPhone = Release|iPhone
		Release|iPhoneSimulator = Release|iPhoneSimulator
		Release|x64 = Release|x64
		Release|x86 = Release|x86
	EndGlobalSection
	GlobalSection(ProjectConfigurationPlatforms) = postSolution
		{C9BE0B2C-E626-429A-830E-7518CCE85549}.Ad-Hoc|Any CPU.ActiveCfg = Release|Any CPU
		{C9BE0B2C-E626-429A-830E-7518CCE85549}.Ad-Hoc|Any CPU.Build.0 = Release|Any CPU
		{C9BE0B2C-E626-429A-830E-7518CCE85549}.Ad-Hoc|ARM.ActiveCfg = Release|Any CPU
		{C9BE0B2C-E626-429A-830E-7518CCE85549}.Ad-Hoc|ARM.Build.0 = Release|Any CPU
		{C9BE0B2C-E626-429A-830E-7518CCE85549}.Ad-Hoc|iPhone.ActiveCfg = Release|Any CPU
		{C9BE0B2C-E626-429A-830E-7518CCE85549}.Ad-Hoc|iPhone.Build.0 = Release|Any CPU
		{C9BE0B2C-E626-429A-830E-7518CCE85549}.Ad-Hoc|iPhoneSimulator.ActiveCfg = Release|Any CPU
		{C9BE0B2C-E626-429A-830E-7518CCE85549}.Ad-Hoc|iPhoneSimulator.Build.0 = Release|Any CPU
		{C9BE0B2C-E626-429A-830E-7518CCE85549}.Ad-Hoc|x64.ActiveCfg = Release|Any CPU
		{C9BE0B2C-E626-429A-830E-7518CCE85549}.Ad-Hoc|x64.Build.0 = Release|Any CPU
		{C9BE0B2C-E626-429A-830E-7518CCE85549}.Ad-Hoc|x86.ActiveCfg = Release|Any CPU
		{C9BE0B2C-E626-429A-830E-7518CCE85549}.Ad-Hoc|x86.Build.0 = Release|Any CPU
		{C9BE0B2C-E626-429A-830E-7518CCE85549}.AppStore|Any CPU.ActiveCfg = Release|Any CPU
		{C9BE0B2C-E626-429A-830E-7518CCE85549}.AppStore|Any CPU.Build.0 = Release|Any CPU
		{C9BE0B2C-E626-429A-830E-7518CCE85549}.AppStore|ARM.ActiveCfg = Release|Any CPU
		{C9BE0B2C-E626-429A-830E-7518CCE85549}.AppStore|ARM.Build.0 = Release|Any CPU
		{C9BE0B2C-E626-429A-830E-7518CCE85549}.AppStore|iPhone.ActiveCfg = Release|Any CPU
		{C9BE0B2C-E626-429A-830E-7518CCE85549}.AppStore|iPhone.Build.0 = Release|Any CPU
		{C9BE0B2C-E626-429A-830E-7518CCE85549}.AppStore|iPhoneSimulator.ActiveCfg = Release|Any CPU
		{C9BE0B2C-E626-429A-830E-7518CCE85549}.AppStore|iPhoneSimulator.Build.0 = Release|Any CPU
		{C9BE0B2C-E626-429A-830E-7518CCE85549}.AppStore|x64.ActiveCfg = Release|Any CPU
		{C9BE0B2C-E626-429A-830E-7518CCE85549}.AppStore|x64.Build.0 = Release|Any CPU
		{C9BE0B2C-E626-429A-830E-7518CCE85549}.AppStore|x86.ActiveCfg = Release|Any CPU
		{C9BE0B2C-E626-429A-830E-7518CCE85549}.AppStore|x86.Build.0 = Release|Any CPU
		{C9BE0B2C-E626-429A-830E-7518CCE85549}.Debug|Any CPU.ActiveCfg = Debug|Any CPU
		{C9BE0B2C-E626-429A-830E-7518CCE85549}.Debug|Any CPU.Build.0 = Debug|Any CPU
		{C9BE0B2C-E626-429A-830E-7518CCE85549}.Debug|ARM.ActiveCfg = Debug|Any CPU
		{C9BE0B2C-E626-429A-830E-7518CCE85549}.Debug|ARM.Build.0 = Debug|Any CPU
		{C9BE0B2C-E626-429A-830E-7518CCE85549}.Debug|iPhone.ActiveCfg = Debug|Any CPU
		{C9BE0B2C-E626-429A-830E-7518CCE85549}.Debug|iPhone.Build.0 = Debug|Any CPU
		{C9BE0B2C-E626-429A-830E-7518CCE85549}.Debug|iPhoneSimulator.ActiveCfg = Debug|Any CPU
		{C9BE0B2C-E626-429A-830E-7518CCE85549}.Debug|iPhoneSimulator.Build.0 = Debug|Any CPU
		{C9BE0B2C-E626-429A-830E-7518CCE85549}.Debug|x64.ActiveCfg = Debug|Any CPU
		{C9BE0B2C-E626-429A-830E-7518CCE85549}.Debug|x64.Build.0 = Debug|Any CPU
		{C9BE0B2C-E626-429A-830E-7518CCE85549}.Debug|x86.ActiveCfg = Debug|Any CPU
		{C9BE0B2C-E626-429A-830E-7518CCE85549}.Debug|x86.Build.0 = Debug|Any CPU
		{C9BE0B2C-E626-429A-830E-7518CCE85549}.Release|Any CPU.ActiveCfg = Release|Any CPU
		{C9BE0B2C-E626-429A-830E-7518CCE85549}.Release|Any CPU.Build.0 = Release|Any CPU
		{C9BE0B2C-E626-429A-830E-7518CCE85549}.Release|ARM.ActiveCfg = Release|Any CPU
		{C9BE0B2C-E626-429A-830E-7518CCE85549}.Release|ARM.Build.0 = Release|Any CPU
		{C9BE0B2C-E626-429A-830E-7518CCE85549}.Release|iPhone.ActiveCfg = Release|Any CPU
		{C9BE0B2C-E626-429A-830E-7518CCE85549}.Release|iPhone.Build.0 = Release|Any CPU
		{C9BE0B2C-E626-429A-830E-7518CCE85549}.Release|iPhoneSimulator.ActiveCfg = Release|Any CPU
		{C9BE0B2C-E626-429A-830E-7518CCE85549}.Release|iPhoneSimulator.Build.0 = Release|Any CPU
		{C9BE0B2C-E626-429A-830E-7518CCE85549}.Release|x64.ActiveCfg = Release|Any CPU
		{C9BE0B2C-E626-429A-830E-7518CCE85549}.Release|x64.Build.0 = Release|Any CPU
		{C9BE0B2C-E626-429A-830E-7518CCE85549}.Release|x86.ActiveCfg = Release|Any CPU
		{C9BE0B2C-E626-429A-830E-7518CCE85549}.Release|x86.Build.0 = Release|Any CPU
		{7A27309F-5528-497E-82DE-B7D002F24845}.Ad-Hoc|Any CPU.ActiveCfg = Release|Any CPU
		{7A27309F-5528-497E-82DE-B7D002F24845}.Ad-Hoc|Any CPU.Build.0 = Release|Any CPU
		{7A27309F-5528-497E-82DE-B7D002F24845}.Ad-Hoc|Any CPU.Deploy.0 = Release|Any CPU
		{7A27309F-5528-497E-82DE-B7D002F24845}.Ad-Hoc|ARM.ActiveCfg = Release|Any CPU
		{7A27309F-5528-497E-82DE-B7D002F24845}.Ad-Hoc|ARM.Build.0 = Release|Any CPU
		{7A27309F-5528-497E-82DE-B7D002F24845}.Ad-Hoc|ARM.Deploy.0 = Release|Any CPU
		{7A27309F-5528-497E-82DE-B7D002F24845}.Ad-Hoc|iPhone.ActiveCfg = Release|Any CPU
		{7A27309F-5528-497E-82DE-B7D002F24845}.Ad-Hoc|iPhone.Build.0 = Release|Any CPU
		{7A27309F-5528-497E-82DE-B7D002F24845}.Ad-Hoc|iPhone.Deploy.0 = Release|Any CPU
		{7A27309F-5528-497E-82DE-B7D002F24845}.Ad-Hoc|iPhoneSimulator.ActiveCfg = Release|Any CPU
		{7A27309F-5528-497E-82DE-B7D002F24845}.Ad-Hoc|iPhoneSimulator.Build.0 = Release|Any CPU
		{7A27309F-5528-497E-82DE-B7D002F24845}.Ad-Hoc|iPhoneSimulator.Deploy.0 = Release|Any CPU
		{7A27309F-5528-497E-82DE-B7D002F24845}.Ad-Hoc|x64.ActiveCfg = Release|Any CPU
		{7A27309F-5528-497E-82DE-B7D002F24845}.Ad-Hoc|x64.Build.0 = Release|Any CPU
		{7A27309F-5528-497E-82DE-B7D002F24845}.Ad-Hoc|x64.Deploy.0 = Release|Any CPU
		{7A27309F-5528-497E-82DE-B7D002F24845}.Ad-Hoc|x86.ActiveCfg = Release|Any CPU
		{7A27309F-5528-497E-82DE-B7D002F24845}.Ad-Hoc|x86.Build.0 = Release|Any CPU
		{7A27309F-5528-497E-82DE-B7D002F24845}.Ad-Hoc|x86.Deploy.0 = Release|Any CPU
		{7A27309F-5528-497E-82DE-B7D002F24845}.AppStore|Any CPU.ActiveCfg = Release|Any CPU
		{7A27309F-5528-497E-82DE-B7D002F24845}.AppStore|Any CPU.Build.0 = Release|Any CPU
		{7A27309F-5528-497E-82DE-B7D002F24845}.AppStore|Any CPU.Deploy.0 = Release|Any CPU
		{7A27309F-5528-497E-82DE-B7D002F24845}.AppStore|ARM.ActiveCfg = Release|Any CPU
		{7A27309F-5528-497E-82DE-B7D002F24845}.AppStore|ARM.Build.0 = Release|Any CPU
		{7A27309F-5528-497E-82DE-B7D002F24845}.AppStore|ARM.Deploy.0 = Release|Any CPU
		{7A27309F-5528-497E-82DE-B7D002F24845}.AppStore|iPhone.ActiveCfg = Release|Any CPU
		{7A27309F-5528-497E-82DE-B7D002F24845}.AppStore|iPhone.Build.0 = Release|Any CPU
		{7A27309F-5528-497E-82DE-B7D002F24845}.AppStore|iPhone.Deploy.0 = Release|Any CPU
		{7A27309F-5528-497E-82DE-B7D002F24845}.AppStore|iPhoneSimulator.ActiveCfg = Release|Any CPU
		{7A27309F-5528-497E-82DE-B7D002F24845}.AppStore|iPhoneSimulator.Build.0 = Release|Any CPU
		{7A27309F-5528-497E-82DE-B7D002F24845}.AppStore|iPhoneSimulator.Deploy.0 = Release|Any CPU
		{7A27309F-5528-497E-82DE-B7D002F24845}.AppStore|x64.ActiveCfg = Release|Any CPU
		{7A27309F-5528-497E-82DE-B7D002F24845}.AppStore|x64.Build.0 = Release|Any CPU
		{7A27309F-5528-497E-82DE-B7D002F24845}.AppStore|x64.Deploy.0 = Release|Any CPU
		{7A27309F-5528-497E-82DE-B7D002F24845}.AppStore|x86.ActiveCfg = Release|Any CPU
		{7A27309F-5528-497E-82DE-B7D002F24845}.AppStore|x86.Build.0 = Release|Any CPU
		{7A27309F-5528-497E-82DE-B7D002F24845}.AppStore|x86.Deploy.0 = Release|Any CPU
		{7A27309F-5528-497E-82DE-B7D002F24845}.Debug|Any CPU.ActiveCfg = Debug|Any CPU
		{7A27309F-5528-497E-82DE-B7D002F24845}.Debug|Any CPU.Build.0 = Debug|Any CPU
		{7A27309F-5528-497E-82DE-B7D002F24845}.Debug|Any CPU.Deploy.0 = Debug|Any CPU
		{7A27309F-5528-497E-82DE-B7D002F24845}.Debug|ARM.ActiveCfg = Debug|Any CPU
		{7A27309F-5528-497E-82DE-B7D002F24845}.Debug|ARM.Build.0 = Debug|Any CPU
		{7A27309F-5528-497E-82DE-B7D002F24845}.Debug|ARM.Deploy.0 = Debug|Any CPU
		{7A27309F-5528-497E-82DE-B7D002F24845}.Debug|iPhone.ActiveCfg = Debug|Any CPU
		{7A27309F-5528-497E-82DE-B7D002F24845}.Debug|iPhone.Build.0 = Debug|Any CPU
		{7A27309F-5528-497E-82DE-B7D002F24845}.Debug|iPhone.Deploy.0 = Debug|Any CPU
		{7A27309F-5528-497E-82DE-B7D002F24845}.Debug|iPhoneSimulator.ActiveCfg = Debug|Any CPU
		{7A27309F-5528-497E-82DE-B7D002F24845}.Debug|iPhoneSimulator.Build.0 = Debug|Any CPU
		{7A27309F-5528-497E-82DE-B7D002F24845}.Debug|iPhoneSimulator.Deploy.0 = Debug|Any CPU
		{7A27309F-5528-497E-82DE-B7D002F24845}.Debug|x64.ActiveCfg = Debug|Any CPU
		{7A27309F-5528-497E-82DE-B7D002F24845}.Debug|x64.Build.0 = Debug|Any CPU
		{7A27309F-5528-497E-82DE-B7D002F24845}.Debug|x64.Deploy.0 = Debug|Any CPU
		{7A27309F-5528-497E-82DE-B7D002F24845}.Debug|x86.ActiveCfg = Debug|Any CPU
		{7A27309F-5528-497E-82DE-B7D002F24845}.Debug|x86.Build.0 = Debug|Any CPU
		{7A27309F-5528-497E-82DE-B7D002F24845}.Debug|x86.Deploy.0 = Debug|Any CPU
		{7A27309F-5528-497E-82DE-B7D002F24845}.Release|Any CPU.ActiveCfg = Release|Any CPU
		{7A27309F-5528-497E-82DE-B7D002F24845}.Release|Any CPU.Build.0 = Release|Any CPU
		{7A27309F-5528-497E-82DE-B7D002F24845}.Release|Any CPU.Deploy.0 = Release|Any CPU
		{7A27309F-5528-497E-82DE-B7D002F24845}.Release|ARM.ActiveCfg = Release|Any CPU
		{7A27309F-5528-497E-82DE-B7D002F24845}.Release|ARM.Build.0 = Release|Any CPU
		{7A27309F-5528-497E-82DE-B7D002F24845}.Release|ARM.Deploy.0 = Release|Any CPU
		{7A27309F-5528-497E-82DE-B7D002F24845}.Release|iPhone.ActiveCfg = Release|Any CPU
		{7A27309F-5528-497E-82DE-B7D002F24845}.Release|iPhone.Build.0 = Release|Any CPU
		{7A27309F-5528-497E-82DE-B7D002F24845}.Release|iPhone.Deploy.0 = Release|Any CPU
		{7A27309F-5528-497E-82DE-B7D002F24845}.Release|iPhoneSimulator.ActiveCfg = Release|Any CPU
		{7A27309F-5528-497E-82DE-B7D002F24845}.Release|iPhoneSimulator.Build.0 = Release|Any CPU
		{7A27309F-5528-497E-82DE-B7D002F24845}.Release|iPhoneSimulator.Deploy.0 = Release|Any CPU
		{7A27309F-5528-497E-82DE-B7D002F24845}.Release|x64.ActiveCfg = Release|Any CPU
		{7A27309F-5528-497E-82DE-B7D002F24845}.Release|x64.Build.0 = Release|Any CPU
		{7A27309F-5528-497E-82DE-B7D002F24845}.Release|x64.Deploy.0 = Release|Any CPU
		{7A27309F-5528-497E-82DE-B7D002F24845}.Release|x86.ActiveCfg = Release|Any CPU
		{7A27309F-5528-497E-82DE-B7D002F24845}.Release|x86.Build.0 = Release|Any CPU
		{7A27309F-5528-497E-82DE-B7D002F24845}.Release|x86.Deploy.0 = Release|Any CPU
		{A3A1BF50-6B9D-4DE8-B0FA-2B721BBC41B0}.Ad-Hoc|Any CPU.ActiveCfg = Ad-Hoc|iPhone
		{A3A1BF50-6B9D-4DE8-B0FA-2B721BBC41B0}.Ad-Hoc|ARM.ActiveCfg = Ad-Hoc|iPhone
		{A3A1BF50-6B9D-4DE8-B0FA-2B721BBC41B0}.Ad-Hoc|iPhone.ActiveCfg = Ad-Hoc|iPhone
		{A3A1BF50-6B9D-4DE8-B0FA-2B721BBC41B0}.Ad-Hoc|iPhone.Build.0 = Ad-Hoc|iPhone
		{A3A1BF50-6B9D-4DE8-B0FA-2B721BBC41B0}.Ad-Hoc|iPhoneSimulator.ActiveCfg = Ad-Hoc|iPhoneSimulator
		{A3A1BF50-6B9D-4DE8-B0FA-2B721BBC41B0}.Ad-Hoc|iPhoneSimulator.Build.0 = Ad-Hoc|iPhoneSimulator
		{A3A1BF50-6B9D-4DE8-B0FA-2B721BBC41B0}.Ad-Hoc|x64.ActiveCfg = Ad-Hoc|iPhone
		{A3A1BF50-6B9D-4DE8-B0FA-2B721BBC41B0}.Ad-Hoc|x86.ActiveCfg = Ad-Hoc|iPhone
		{A3A1BF50-6B9D-4DE8-B0FA-2B721BBC41B0}.AppStore|Any CPU.ActiveCfg = AppStore|iPhone
		{A3A1BF50-6B9D-4DE8-B0FA-2B721BBC41B0}.AppStore|ARM.ActiveCfg = AppStore|iPhone
		{A3A1BF50-6B9D-4DE8-B0FA-2B721BBC41B0}.AppStore|iPhone.ActiveCfg = AppStore|iPhone
		{A3A1BF50-6B9D-4DE8-B0FA-2B721BBC41B0}.AppStore|iPhone.Build.0 = AppStore|iPhone
		{A3A1BF50-6B9D-4DE8-B0FA-2B721BBC41B0}.AppStore|iPhoneSimulator.ActiveCfg = AppStore|iPhoneSimulator
		{A3A1BF50-6B9D-4DE8-B0FA-2B721BBC41B0}.AppStore|iPhoneSimulator.Build.0 = AppStore|iPhoneSimulator
		{A3A1BF50-6B9D-4DE8-B0FA-2B721BBC41B0}.AppStore|x64.ActiveCfg = AppStore|iPhone
		{A3A1BF50-6B9D-4DE8-B0FA-2B721BBC41B0}.AppStore|x86.ActiveCfg = AppStore|iPhone
		{A3A1BF50-6B9D-4DE8-B0FA-2B721BBC41B0}.Debug|Any CPU.ActiveCfg = Debug|iPhone
		{A3A1BF50-6B9D-4DE8-B0FA-2B721BBC41B0}.Debug|ARM.ActiveCfg = Debug|iPhone
		{A3A1BF50-6B9D-4DE8-B0FA-2B721BBC41B0}.Debug|iPhone.ActiveCfg = Debug|iPhone
		{A3A1BF50-6B9D-4DE8-B0FA-2B721BBC41B0}.Debug|iPhone.Build.0 = Debug|iPhone
		{A3A1BF50-6B9D-4DE8-B0FA-2B721BBC41B0}.Debug|iPhoneSimulator.ActiveCfg = Debug|iPhoneSimulator
		{A3A1BF50-6B9D-4DE8-B0FA-2B721BBC41B0}.Debug|iPhoneSimulator.Build.0 = Debug|iPhoneSimulator
		{A3A1BF50-6B9D-4DE8-B0FA-2B721BBC41B0}.Debug|x64.ActiveCfg = Debug|iPhone
		{A3A1BF50-6B9D-4DE8-B0FA-2B721BBC41B0}.Debug|x86.ActiveCfg = Debug|iPhone
		{A3A1BF50-6B9D-4DE8-B0FA-2B721BBC41B0}.Release|Any CPU.ActiveCfg = Release|iPhone
		{A3A1BF50-6B9D-4DE8-B0FA-2B721BBC41B0}.Release|ARM.ActiveCfg = Release|iPhone
		{A3A1BF50-6B9D-4DE8-B0FA-2B721BBC41B0}.Release|iPhone.ActiveCfg = Release|iPhone
		{A3A1BF50-6B9D-4DE8-B0FA-2B721BBC41B0}.Release|iPhone.Build.0 = Release|iPhone
		{A3A1BF50-6B9D-4DE8-B0FA-2B721BBC41B0}.Release|iPhoneSimulator.ActiveCfg = Release|iPhoneSimulator
		{A3A1BF50-6B9D-4DE8-B0FA-2B721BBC41B0}.Release|iPhoneSimulator.Build.0 = Release|iPhoneSimulator
		{A3A1BF50-6B9D-4DE8-B0FA-2B721BBC41B0}.Release|x64.ActiveCfg = Release|iPhone
		{A3A1BF50-6B9D-4DE8-B0FA-2B721BBC41B0}.Release|x86.ActiveCfg = Release|iPhone
		{019AFE0A-F5B5-42F6-9378-5798D6D218B9}.Ad-Hoc|Any CPU.ActiveCfg = Release|Any CPU
		{019AFE0A-F5B5-42F6-9378-5798D6D218B9}.Ad-Hoc|Any CPU.Build.0 = Release|Any CPU
		{019AFE0A-F5B5-42F6-9378-5798D6D218B9}.Ad-Hoc|Any CPU.Deploy.0 = Release|Any CPU
		{019AFE0A-F5B5-42F6-9378-5798D6D218B9}.Ad-Hoc|ARM.ActiveCfg = Release|ARM
		{019AFE0A-F5B5-42F6-9378-5798D6D218B9}.Ad-Hoc|ARM.Build.0 = Release|ARM
		{019AFE0A-F5B5-42F6-9378-5798D6D218B9}.Ad-Hoc|ARM.Deploy.0 = Release|ARM
		{019AFE0A-F5B5-42F6-9378-5798D6D218B9}.Ad-Hoc|iPhone.ActiveCfg = Release|Any CPU
		{019AFE0A-F5B5-42F6-9378-5798D6D218B9}.Ad-Hoc|iPhone.Build.0 = Release|Any CPU
		{019AFE0A-F5B5-42F6-9378-5798D6D218B9}.Ad-Hoc|iPhone.Deploy.0 = Release|Any CPU
		{019AFE0A-F5B5-42F6-9378-5798D6D218B9}.Ad-Hoc|iPhoneSimulator.ActiveCfg = Release|Any CPU
		{019AFE0A-F5B5-42F6-9378-5798D6D218B9}.Ad-Hoc|iPhoneSimulator.Build.0 = Release|Any CPU
		{019AFE0A-F5B5-42F6-9378-5798D6D218B9}.Ad-Hoc|iPhoneSimulator.Deploy.0 = Release|Any CPU
		{019AFE0A-F5B5-42F6-9378-5798D6D218B9}.Ad-Hoc|x64.ActiveCfg = Release|Any CPU
		{019AFE0A-F5B5-42F6-9378-5798D6D218B9}.Ad-Hoc|x64.Build.0 = Release|Any CPU
		{019AFE0A-F5B5-42F6-9378-5798D6D218B9}.Ad-Hoc|x64.Deploy.0 = Release|Any CPU
		{019AFE0A-F5B5-42F6-9378-5798D6D218B9}.Ad-Hoc|x86.ActiveCfg = Release|x86
		{019AFE0A-F5B5-42F6-9378-5798D6D218B9}.Ad-Hoc|x86.Build.0 = Release|x86
		{019AFE0A-F5B5-42F6-9378-5798D6D218B9}.Ad-Hoc|x86.Deploy.0 = Release|x86
		{019AFE0A-F5B5-42F6-9378-5798D6D218B9}.AppStore|Any CPU.ActiveCfg = Release|Any CPU
		{019AFE0A-F5B5-42F6-9378-5798D6D218B9}.AppStore|Any CPU.Build.0 = Release|Any CPU
		{019AFE0A-F5B5-42F6-9378-5798D6D218B9}.AppStore|Any CPU.Deploy.0 = Release|Any CPU
		{019AFE0A-F5B5-42F6-9378-5798D6D218B9}.AppStore|ARM.ActiveCfg = Release|ARM
		{019AFE0A-F5B5-42F6-9378-5798D6D218B9}.AppStore|ARM.Build.0 = Release|ARM
		{019AFE0A-F5B5-42F6-9378-5798D6D218B9}.AppStore|ARM.Deploy.0 = Release|ARM
		{019AFE0A-F5B5-42F6-9378-5798D6D218B9}.AppStore|iPhone.ActiveCfg = Release|Any CPU
		{019AFE0A-F5B5-42F6-9378-5798D6D218B9}.AppStore|iPhone.Build.0 = Release|Any CPU
		{019AFE0A-F5B5-42F6-9378-5798D6D218B9}.AppStore|iPhone.Deploy.0 = Release|Any CPU
		{019AFE0A-F5B5-42F6-9378-5798D6D218B9}.AppStore|iPhoneSimulator.ActiveCfg = Release|Any CPU
		{019AFE0A-F5B5-42F6-9378-5798D6D218B9}.AppStore|iPhoneSimulator.Build.0 = Release|Any CPU
		{019AFE0A-F5B5-42F6-9378-5798D6D218B9}.AppStore|iPhoneSimulator.Deploy.0 = Release|Any CPU
		{019AFE0A-F5B5-42F6-9378-5798D6D218B9}.AppStore|x64.ActiveCfg = Release|Any CPU
		{019AFE0A-F5B5-42F6-9378-5798D6D218B9}.AppStore|x64.Build.0 = Release|Any CPU
		{019AFE0A-F5B5-42F6-9378-5798D6D218B9}.AppStore|x64.Deploy.0 = Release|Any CPU
		{019AFE0A-F5B5-42F6-9378-5798D6D218B9}.AppStore|x86.ActiveCfg = Release|x86
		{019AFE0A-F5B5-42F6-9378-5798D6D218B9}.AppStore|x86.Build.0 = Release|x86
		{019AFE0A-F5B5-42F6-9378-5798D6D218B9}.AppStore|x86.Deploy.0 = Release|x86
		{019AFE0A-F5B5-42F6-9378-5798D6D218B9}.Debug|Any CPU.ActiveCfg = Debug|Any CPU
		{019AFE0A-F5B5-42F6-9378-5798D6D218B9}.Debug|Any CPU.Build.0 = Debug|Any CPU
		{019AFE0A-F5B5-42F6-9378-5798D6D218B9}.Debug|Any CPU.Deploy.0 = Debug|Any CPU
		{019AFE0A-F5B5-42F6-9378-5798D6D218B9}.Debug|ARM.ActiveCfg = Debug|ARM
		{019AFE0A-F5B5-42F6-9378-5798D6D218B9}.Debug|ARM.Build.0 = Debug|ARM
		{019AFE0A-F5B5-42F6-9378-5798D6D218B9}.Debug|ARM.Deploy.0 = Debug|ARM
		{019AFE0A-F5B5-42F6-9378-5798D6D218B9}.Debug|iPhone.ActiveCfg = Debug|Any CPU
		{019AFE0A-F5B5-42F6-9378-5798D6D218B9}.Debug|iPhone.Build.0 = Debug|Any CPU
		{019AFE0A-F5B5-42F6-9378-5798D6D218B9}.Debug|iPhone.Deploy.0 = Debug|Any CPU
		{019AFE0A-F5B5-42F6-9378-5798D6D218B9}.Debug|iPhoneSimulator.ActiveCfg = Debug|Any CPU
		{019AFE0A-F5B5-42F6-9378-5798D6D218B9}.Debug|iPhoneSimulator.Build.0 = Debug|Any CPU
		{019AFE0A-F5B5-42F6-9378-5798D6D218B9}.Debug|iPhoneSimulator.Deploy.0 = Debug|Any CPU
		{019AFE0A-F5B5-42F6-9378-5798D6D218B9}.Debug|x64.ActiveCfg = Debug|Any CPU
		{019AFE0A-F5B5-42F6-9378-5798D6D218B9}.Debug|x64.Build.0 = Debug|Any CPU
		{019AFE0A-F5B5-42F6-9378-5798D6D218B9}.Debug|x64.Deploy.0 = Debug|Any CPU
		{019AFE0A-F5B5-42F6-9378-5798D6D218B9}.Debug|x86.ActiveCfg = Debug|x86
		{019AFE0A-F5B5-42F6-9378-5798D6D218B9}.Debug|x86.Build.0 = Debug|x86
		{019AFE0A-F5B5-42F6-9378-5798D6D218B9}.Debug|x86.Deploy.0 = Debug|x86
		{019AFE0A-F5B5-42F6-9378-5798D6D218B9}.Release|Any CPU.ActiveCfg = Release|Any CPU
		{019AFE0A-F5B5-42F6-9378-5798D6D218B9}.Release|Any CPU.Build.0 = Release|Any CPU
		{019AFE0A-F5B5-42F6-9378-5798D6D218B9}.Release|Any CPU.Deploy.0 = Release|Any CPU
		{019AFE0A-F5B5-42F6-9378-5798D6D218B9}.Release|ARM.ActiveCfg = Release|ARM
		{019AFE0A-F5B5-42F6-9378-5798D6D218B9}.Release|ARM.Build.0 = Release|ARM
		{019AFE0A-F5B5-42F6-9378-5798D6D218B9}.Release|ARM.Deploy.0 = Release|ARM
		{019AFE0A-F5B5-42F6-9378-5798D6D218B9}.Release|iPhone.ActiveCfg = Release|Any CPU
		{019AFE0A-F5B5-42F6-9378-5798D6D218B9}.Release|iPhone.Build.0 = Release|Any CPU
		{019AFE0A-F5B5-42F6-9378-5798D6D218B9}.Release|iPhone.Deploy.0 = Release|Any CPU
		{019AFE0A-F5B5-42F6-9378-5798D6D218B9}.Release|iPhoneSimulator.ActiveCfg = Release|Any CPU
		{019AFE0A-F5B5-42F6-9378-5798D6D218B9}.Release|iPhoneSimulator.Build.0 = Release|Any CPU
		{019AFE0A-F5B5-42F6-9378-5798D6D218B9}.Release|iPhoneSimulator.Deploy.0 = Release|Any CPU
		{019AFE0A-F5B5-42F6-9378-5798D6D218B9}.Release|x64.ActiveCfg = Release|Any CPU
		{019AFE0A-F5B5-42F6-9378-5798D6D218B9}.Release|x64.Build.0 = Release|Any CPU
		{019AFE0A-F5B5-42F6-9378-5798D6D218B9}.Release|x64.Deploy.0 = Release|Any CPU
		{019AFE0A-F5B5-42F6-9378-5798D6D218B9}.Release|x86.ActiveCfg = Release|x86
		{019AFE0A-F5B5-42F6-9378-5798D6D218B9}.Release|x86.Build.0 = Release|x86
		{019AFE0A-F5B5-42F6-9378-5798D6D218B9}.Release|x86.Deploy.0 = Release|x86
		{EA66AE1B-B994-4E13-B704-7DDFB3821AE7}.Ad-Hoc|Any CPU.ActiveCfg = Release|x86
		{EA66AE1B-B994-4E13-B704-7DDFB3821AE7}.Ad-Hoc|Any CPU.Build.0 = Release|x86
		{EA66AE1B-B994-4E13-B704-7DDFB3821AE7}.Ad-Hoc|Any CPU.Deploy.0 = Release|x86
		{EA66AE1B-B994-4E13-B704-7DDFB3821AE7}.Ad-Hoc|ARM.ActiveCfg = Release|ARM
		{EA66AE1B-B994-4E13-B704-7DDFB3821AE7}.Ad-Hoc|ARM.Build.0 = Release|ARM
		{EA66AE1B-B994-4E13-B704-7DDFB3821AE7}.Ad-Hoc|ARM.Deploy.0 = Release|ARM
		{EA66AE1B-B994-4E13-B704-7DDFB3821AE7}.Ad-Hoc|iPhone.ActiveCfg = Release|x86
		{EA66AE1B-B994-4E13-B704-7DDFB3821AE7}.Ad-Hoc|iPhone.Build.0 = Release|x86
		{EA66AE1B-B994-4E13-B704-7DDFB3821AE7}.Ad-Hoc|iPhone.Deploy.0 = Release|x86
		{EA66AE1B-B994-4E13-B704-7DDFB3821AE7}.Ad-Hoc|iPhoneSimulator.ActiveCfg = Release|x86
		{EA66AE1B-B994-4E13-B704-7DDFB3821AE7}.Ad-Hoc|iPhoneSimulator.Build.0 = Release|x86
		{EA66AE1B-B994-4E13-B704-7DDFB3821AE7}.Ad-Hoc|iPhoneSimulator.Deploy.0 = Release|x86
		{EA66AE1B-B994-4E13-B704-7DDFB3821AE7}.Ad-Hoc|x64.ActiveCfg = Release|x64
		{EA66AE1B-B994-4E13-B704-7DDFB3821AE7}.Ad-Hoc|x64.Build.0 = Release|x64
		{EA66AE1B-B994-4E13-B704-7DDFB3821AE7}.Ad-Hoc|x64.Deploy.0 = Release|x64
		{EA66AE1B-B994-4E13-B704-7DDFB3821AE7}.Ad-Hoc|x86.ActiveCfg = Release|x86
		{EA66AE1B-B994-4E13-B704-7DDFB3821AE7}.Ad-Hoc|x86.Build.0 = Release|x86
		{EA66AE1B-B994-4E13-B704-7DDFB3821AE7}.Ad-Hoc|x86.Deploy.0 = Release|x86
		{EA66AE1B-B994-4E13-B704-7DDFB3821AE7}.AppStore|Any CPU.ActiveCfg = Release|x86
		{EA66AE1B-B994-4E13-B704-7DDFB3821AE7}.AppStore|Any CPU.Build.0 = Release|x86
		{EA66AE1B-B994-4E13-B704-7DDFB3821AE7}.AppStore|Any CPU.Deploy.0 = Release|x86
		{EA66AE1B-B994-4E13-B704-7DDFB3821AE7}.AppStore|ARM.ActiveCfg = Release|ARM
		{EA66AE1B-B994-4E13-B704-7DDFB3821AE7}.AppStore|ARM.Build.0 = Release|ARM
		{EA66AE1B-B994-4E13-B704-7DDFB3821AE7}.AppStore|ARM.Deploy.0 = Release|ARM
		{EA66AE1B-B994-4E13-B704-7DDFB3821AE7}.AppStore|iPhone.ActiveCfg = Release|x86
		{EA66AE1B-B994-4E13-B704-7DDFB3821AE7}.AppStore|iPhone.Build.0 = Release|x86
		{EA66AE1B-B994-4E13-B704-7DDFB3821AE7}.AppStore|iPhone.Deploy.0 = Release|x86
		{EA66AE1B-B994-4E13-B704-7DDFB3821AE7}.AppStore|iPhoneSimulator.ActiveCfg = Release|x86
		{EA66AE1B-B994-4E13-B704-7DDFB3821AE7}.AppStore|iPhoneSimulator.Build.0 = Release|x86
		{EA66AE1B-B994-4E13-B704-7DDFB3821AE7}.AppStore|iPhoneSimulator.Deploy.0 = Release|x86
		{EA66AE1B-B994-4E13-B704-7DDFB3821AE7}.AppStore|x64.ActiveCfg = Release|x64
		{EA66AE1B-B994-4E13-B704-7DDFB3821AE7}.AppStore|x64.Build.0 = Release|x64
		{EA66AE1B-B994-4E13-B704-7DDFB3821AE7}.AppStore|x64.Deploy.0 = Release|x64
		{EA66AE1B-B994-4E13-B704-7DDFB3821AE7}.AppStore|x86.ActiveCfg = Release|x86
		{EA66AE1B-B994-4E13-B704-7DDFB3821AE7}.AppStore|x86.Build.0 = Release|x86
		{EA66AE1B-B994-4E13-B704-7DDFB3821AE7}.AppStore|x86.Deploy.0 = Release|x86
		{EA66AE1B-B994-4E13-B704-7DDFB3821AE7}.Debug|Any CPU.ActiveCfg = Debug|x86
		{EA66AE1B-B994-4E13-B704-7DDFB3821AE7}.Debug|ARM.ActiveCfg = Debug|ARM
		{EA66AE1B-B994-4E13-B704-7DDFB3821AE7}.Debug|ARM.Build.0 = Debug|ARM
		{EA66AE1B-B994-4E13-B704-7DDFB3821AE7}.Debug|ARM.Deploy.0 = Debug|ARM
		{EA66AE1B-B994-4E13-B704-7DDFB3821AE7}.Debug|iPhone.ActiveCfg = Debug|x86
		{EA66AE1B-B994-4E13-B704-7DDFB3821AE7}.Debug|iPhoneSimulator.ActiveCfg = Debug|x86
		{EA66AE1B-B994-4E13-B704-7DDFB3821AE7}.Debug|x64.ActiveCfg = Debug|x64
		{EA66AE1B-B994-4E13-B704-7DDFB3821AE7}.Debug|x64.Build.0 = Debug|x64
		{EA66AE1B-B994-4E13-B704-7DDFB3821AE7}.Debug|x64.Deploy.0 = Debug|x64
		{EA66AE1B-B994-4E13-B704-7DDFB3821AE7}.Debug|x86.ActiveCfg = Debug|x86
		{EA66AE1B-B994-4E13-B704-7DDFB3821AE7}.Debug|x86.Build.0 = Debug|x86
		{EA66AE1B-B994-4E13-B704-7DDFB3821AE7}.Debug|x86.Deploy.0 = Debug|x86
		{EA66AE1B-B994-4E13-B704-7DDFB3821AE7}.Release|Any CPU.ActiveCfg = Release|x86
		{EA66AE1B-B994-4E13-B704-7DDFB3821AE7}.Release|ARM.ActiveCfg = Release|ARM
		{EA66AE1B-B994-4E13-B704-7DDFB3821AE7}.Release|ARM.Build.0 = Release|ARM
		{EA66AE1B-B994-4E13-B704-7DDFB3821AE7}.Release|ARM.Deploy.0 = Release|ARM
		{EA66AE1B-B994-4E13-B704-7DDFB3821AE7}.Release|iPhone.ActiveCfg = Release|x86
		{EA66AE1B-B994-4E13-B704-7DDFB3821AE7}.Release|iPhoneSimulator.ActiveCfg = Release|x86
		{EA66AE1B-B994-4E13-B704-7DDFB3821AE7}.Release|x64.ActiveCfg = Release|x64
		{EA66AE1B-B994-4E13-B704-7DDFB3821AE7}.Release|x64.Build.0 = Release|x64
		{EA66AE1B-B994-4E13-B704-7DDFB3821AE7}.Release|x64.Deploy.0 = Release|x64
		{EA66AE1B-B994-4E13-B704-7DDFB3821AE7}.Release|x86.ActiveCfg = Release|x86
		{EA66AE1B-B994-4E13-B704-7DDFB3821AE7}.Release|x86.Build.0 = Release|x86
		{EA66AE1B-B994-4E13-B704-7DDFB3821AE7}.Release|x86.Deploy.0 = Release|x86
		{C5222A8E-0E5E-4FC6-8F99-B33DB65F0441}.Ad-Hoc|Any CPU.ActiveCfg = Release|Any CPU
		{C5222A8E-0E5E-4FC6-8F99-B33DB65F0441}.Ad-Hoc|Any CPU.Build.0 = Release|Any CPU
		{C5222A8E-0E5E-4FC6-8F99-B33DB65F0441}.Ad-Hoc|Any CPU.Deploy.0 = Release|Any CPU
		{C5222A8E-0E5E-4FC6-8F99-B33DB65F0441}.Ad-Hoc|ARM.ActiveCfg = Release|ARM
		{C5222A8E-0E5E-4FC6-8F99-B33DB65F0441}.Ad-Hoc|ARM.Build.0 = Release|ARM
		{C5222A8E-0E5E-4FC6-8F99-B33DB65F0441}.Ad-Hoc|ARM.Deploy.0 = Release|ARM
		{C5222A8E-0E5E-4FC6-8F99-B33DB65F0441}.Ad-Hoc|iPhone.ActiveCfg = Release|Any CPU
		{C5222A8E-0E5E-4FC6-8F99-B33DB65F0441}.Ad-Hoc|iPhone.Build.0 = Release|Any CPU
		{C5222A8E-0E5E-4FC6-8F99-B33DB65F0441}.Ad-Hoc|iPhone.Deploy.0 = Release|Any CPU
		{C5222A8E-0E5E-4FC6-8F99-B33DB65F0441}.Ad-Hoc|iPhoneSimulator.ActiveCfg = Release|Any CPU
		{C5222A8E-0E5E-4FC6-8F99-B33DB65F0441}.Ad-Hoc|iPhoneSimulator.Build.0 = Release|Any CPU
		{C5222A8E-0E5E-4FC6-8F99-B33DB65F0441}.Ad-Hoc|iPhoneSimulator.Deploy.0 = Release|Any CPU
		{C5222A8E-0E5E-4FC6-8F99-B33DB65F0441}.Ad-Hoc|x64.ActiveCfg = Release|x64
		{C5222A8E-0E5E-4FC6-8F99-B33DB65F0441}.Ad-Hoc|x64.Build.0 = Release|x64
		{C5222A8E-0E5E-4FC6-8F99-B33DB65F0441}.Ad-Hoc|x64.Deploy.0 = Release|x64
		{C5222A8E-0E5E-4FC6-8F99-B33DB65F0441}.Ad-Hoc|x86.ActiveCfg = Release|x86
		{C5222A8E-0E5E-4FC6-8F99-B33DB65F0441}.Ad-Hoc|x86.Build.0 = Release|x86
		{C5222A8E-0E5E-4FC6-8F99-B33DB65F0441}.Ad-Hoc|x86.Deploy.0 = Release|x86
		{C5222A8E-0E5E-4FC6-8F99-B33DB65F0441}.AppStore|Any CPU.ActiveCfg = Release|Any CPU
		{C5222A8E-0E5E-4FC6-8F99-B33DB65F0441}.AppStore|Any CPU.Build.0 = Release|Any CPU
		{C5222A8E-0E5E-4FC6-8F99-B33DB65F0441}.AppStore|Any CPU.Deploy.0 = Release|Any CPU
		{C5222A8E-0E5E-4FC6-8F99-B33DB65F0441}.AppStore|ARM.ActiveCfg = Release|ARM
		{C5222A8E-0E5E-4FC6-8F99-B33DB65F0441}.AppStore|ARM.Build.0 = Release|ARM
		{C5222A8E-0E5E-4FC6-8F99-B33DB65F0441}.AppStore|ARM.Deploy.0 = Release|ARM
		{C5222A8E-0E5E-4FC6-8F99-B33DB65F0441}.AppStore|iPhone.ActiveCfg = Release|Any CPU
		{C5222A8E-0E5E-4FC6-8F99-B33DB65F0441}.AppStore|iPhone.Build.0 = Release|Any CPU
		{C5222A8E-0E5E-4FC6-8F99-B33DB65F0441}.AppStore|iPhone.Deploy.0 = Release|Any CPU
		{C5222A8E-0E5E-4FC6-8F99-B33DB65F0441}.AppStore|iPhoneSimulator.ActiveCfg = Release|Any CPU
		{C5222A8E-0E5E-4FC6-8F99-B33DB65F0441}.AppStore|iPhoneSimulator.Build.0 = Release|Any CPU
		{C5222A8E-0E5E-4FC6-8F99-B33DB65F0441}.AppStore|iPhoneSimulator.Deploy.0 = Release|Any CPU
		{C5222A8E-0E5E-4FC6-8F99-B33DB65F0441}.AppStore|x64.ActiveCfg = Release|x64
		{C5222A8E-0E5E-4FC6-8F99-B33DB65F0441}.AppStore|x64.Build.0 = Release|x64
		{C5222A8E-0E5E-4FC6-8F99-B33DB65F0441}.AppStore|x64.Deploy.0 = Release|x64
		{C5222A8E-0E5E-4FC6-8F99-B33DB65F0441}.AppStore|x86.ActiveCfg = Release|x86
		{C5222A8E-0E5E-4FC6-8F99-B33DB65F0441}.AppStore|x86.Build.0 = Release|x86
		{C5222A8E-0E5E-4FC6-8F99-B33DB65F0441}.AppStore|x86.Deploy.0 = Release|x86
		{C5222A8E-0E5E-4FC6-8F99-B33DB65F0441}.Debug|Any CPU.ActiveCfg = Debug|Any CPU
		{C5222A8E-0E5E-4FC6-8F99-B33DB65F0441}.Debug|Any CPU.Build.0 = Debug|Any CPU
		{C5222A8E-0E5E-4FC6-8F99-B33DB65F0441}.Debug|Any CPU.Deploy.0 = Debug|Any CPU
		{C5222A8E-0E5E-4FC6-8F99-B33DB65F0441}.Debug|ARM.ActiveCfg = Debug|ARM
		{C5222A8E-0E5E-4FC6-8F99-B33DB65F0441}.Debug|ARM.Build.0 = Debug|ARM
		{C5222A8E-0E5E-4FC6-8F99-B33DB65F0441}.Debug|ARM.Deploy.0 = Debug|ARM
		{C5222A8E-0E5E-4FC6-8F99-B33DB65F0441}.Debug|iPhone.ActiveCfg = Debug|Any CPU
		{C5222A8E-0E5E-4FC6-8F99-B33DB65F0441}.Debug|iPhone.Build.0 = Debug|Any CPU
		{C5222A8E-0E5E-4FC6-8F99-B33DB65F0441}.Debug|iPhone.Deploy.0 = Debug|Any CPU
		{C5222A8E-0E5E-4FC6-8F99-B33DB65F0441}.Debug|iPhoneSimulator.ActiveCfg = Debug|Any CPU
		{C5222A8E-0E5E-4FC6-8F99-B33DB65F0441}.Debug|iPhoneSimulator.Build.0 = Debug|Any CPU
		{C5222A8E-0E5E-4FC6-8F99-B33DB65F0441}.Debug|iPhoneSimulator.Deploy.0 = Debug|Any CPU
		{C5222A8E-0E5E-4FC6-8F99-B33DB65F0441}.Debug|x64.ActiveCfg = Debug|x64
		{C5222A8E-0E5E-4FC6-8F99-B33DB65F0441}.Debug|x64.Build.0 = Debug|x64
		{C5222A8E-0E5E-4FC6-8F99-B33DB65F0441}.Debug|x64.Deploy.0 = Debug|x64
		{C5222A8E-0E5E-4FC6-8F99-B33DB65F0441}.Debug|x86.ActiveCfg = Debug|x86
		{C5222A8E-0E5E-4FC6-8F99-B33DB65F0441}.Debug|x86.Build.0 = Debug|x86
		{C5222A8E-0E5E-4FC6-8F99-B33DB65F0441}.Debug|x86.Deploy.0 = Debug|x86
		{C5222A8E-0E5E-4FC6-8F99-B33DB65F0441}.Release|Any CPU.ActiveCfg = Release|Any CPU
		{C5222A8E-0E5E-4FC6-8F99-B33DB65F0441}.Release|Any CPU.Build.0 = Release|Any CPU
		{C5222A8E-0E5E-4FC6-8F99-B33DB65F0441}.Release|Any CPU.Deploy.0 = Release|Any CPU
		{C5222A8E-0E5E-4FC6-8F99-B33DB65F0441}.Release|ARM.ActiveCfg = Release|ARM
		{C5222A8E-0E5E-4FC6-8F99-B33DB65F0441}.Release|ARM.Build.0 = Release|ARM
		{C5222A8E-0E5E-4FC6-8F99-B33DB65F0441}.Release|ARM.Deploy.0 = Release|ARM
		{C5222A8E-0E5E-4FC6-8F99-B33DB65F0441}.Release|iPhone.ActiveCfg = Release|Any CPU
		{C5222A8E-0E5E-4FC6-8F99-B33DB65F0441}.Release|iPhone.Build.0 = Release|Any CPU
		{C5222A8E-0E5E-4FC6-8F99-B33DB65F0441}.Release|iPhone.Deploy.0 = Release|Any CPU
		{C5222A8E-0E5E-4FC6-8F99-B33DB65F0441}.Release|iPhoneSimulator.ActiveCfg = Release|Any CPU
		{C5222A8E-0E5E-4FC6-8F99-B33DB65F0441}.Release|iPhoneSimulator.Build.0 = Release|Any CPU
		{C5222A8E-0E5E-4FC6-8F99-B33DB65F0441}.Release|iPhoneSimulator.Deploy.0 = Release|Any CPU
		{C5222A8E-0E5E-4FC6-8F99-B33DB65F0441}.Release|x64.ActiveCfg = Release|x64
		{C5222A8E-0E5E-4FC6-8F99-B33DB65F0441}.Release|x64.Build.0 = Release|x64
		{C5222A8E-0E5E-4FC6-8F99-B33DB65F0441}.Release|x64.Deploy.0 = Release|x64
		{C5222A8E-0E5E-4FC6-8F99-B33DB65F0441}.Release|x86.ActiveCfg = Release|x86
		{C5222A8E-0E5E-4FC6-8F99-B33DB65F0441}.Release|x86.Build.0 = Release|x86
		{C5222A8E-0E5E-4FC6-8F99-B33DB65F0441}.Release|x86.Deploy.0 = Release|x86
	EndGlobalSection
	GlobalSection(SolutionProperties) = preSolution
		HideSolutionNode = FALSE
	EndGlobalSection
EndGlobal
